
Microsoft Visual Studio Solution File, Format Version 12.00
# Visual Studio Version 16
VisualStudioVersion = 16.0.29001.49
MinimumVisualStudioVersion = 10.0.40219.1
Project("{2150E333-8FDC-42A3-9474-1A3956D46DE8}") = "Solution Items", "Solution Items", "{9FF7670D-D797-46FD-8406-E9F2BBE974E7}"
	ProjectSection(SolutionItems) = preProject
		README.md = README.md
	EndProjectSection
EndProject
Project("{9A19103F-16F7-4668-BE54-9A1E7A4F7556}") = "Kirei", "src\Kirei\Kirei.csproj", "{B46663F5-8B8F-4F43-B6D8-BD7F114A5CEC}"
EndProject
Project("{9A19103F-16F7-4668-BE54-9A1E7A4F7556}") = "Kirei.SDK", "src\Kirei.SDK\Kirei.SDK.csproj", "{337F992C-6235-4228-9895-28E13D4A256B}"
EndProject
Project("{2150E333-8FDC-42A3-9474-1A3956D46DE8}") = "Plugins", "Plugins", "{AE9320EC-FDE2-4A6C-900F-3C1A7970A768}"
EndProject
Project("{9A19103F-16F7-4668-BE54-9A1E7A4F7556}") = "Kirei.TaskbarPlugin", "src\Plugins\Kirei.TaskbarPlugin\Kirei.TaskbarPlugin.csproj", "{2C604273-D411-4283-9E13-DBBD47422B27}"
EndProject
Project("{9A19103F-16F7-4668-BE54-9A1E7A4F7556}") = "Kirei.WindowPlugin", "src\Plugins\Kirei.WindowPlugin\Kirei.WindowPlugin.csproj", "{04BDC226-842C-40E5-87C2-E34D50475C03}"
EndProject
Global
	GlobalSection(SolutionConfigurationPlatforms) = preSolution
		Debug|Any CPU = Debug|Any CPU
		Release|Any CPU = Release|Any CPU
	EndGlobalSection
	GlobalSection(ProjectConfigurationPlatforms) = postSolution
		{B46663F5-8B8F-4F43-B6D8-BD7F114A5CEC}.Debug|Any CPU.ActiveCfg = Debug|Any CPU
		{B46663F5-8B8F-4F43-B6D8-BD7F114A5CEC}.Debug|Any CPU.Build.0 = Debug|Any CPU
		{B46663F5-8B8F-4F43-B6D8-BD7F114A5CEC}.Release|Any CPU.ActiveCfg = Release|Any CPU
		{B46663F5-8B8F-4F43-B6D8-BD7F114A5CEC}.Release|Any CPU.Build.0 = Release|Any CPU
		{337F992C-6235-4228-9895-28E13D4A256B}.Debug|Any CPU.ActiveCfg = Debug|Any CPU
		{337F992C-6235-4228-9895-28E13D4A256B}.Debug|Any CPU.Build.0 = Debug|Any CPU
		{337F992C-6235-4228-9895-28E13D4A256B}.Release|Any CPU.ActiveCfg = Release|Any CPU
		{337F992C-6235-4228-9895-28E13D4A256B}.Release|Any CPU.Build.0 = Release|Any CPU
		{2C604273-D411-4283-9E13-DBBD47422B27}.Debug|Any CPU.ActiveCfg = Debug|Any CPU
		{2C604273-D411-4283-9E13-DBBD47422B27}.Debug|Any CPU.Build.0 = Debug|Any CPU
		{2C604273-D411-4283-9E13-DBBD47422B27}.Release|Any CPU.ActiveCfg = Release|Any CPU
		{2C604273-D411-4283-9E13-DBBD47422B27}.Release|Any CPU.Build.0 = Release|Any CPU
		{04BDC226-842C-40E5-87C2-E34D50475C03}.Debug|Any CPU.ActiveCfg = Debug|Any CPU
		{04BDC226-842C-40E5-87C2-E34D50475C03}.Debug|Any CPU.Build.0 = Debug|Any CPU
		{04BDC226-842C-40E5-87C2-E34D50475C03}.Release|Any CPU.ActiveCfg = Release|Any CPU
		{04BDC226-842C-40E5-87C2-E34D50475C03}.Release|Any CPU.Build.0 = Release|Any CPU
	EndGlobalSection
	GlobalSection(SolutionProperties) = preSolution
		HideSolutionNode = FALSE
	EndGlobalSection
	GlobalSection(NestedProjects) = preSolution
		{2C604273-D411-4283-9E13-DBBD47422B27} = {AE9320EC-FDE2-4A6C-900F-3C1A7970A768}
		{04BDC226-842C-40E5-87C2-E34D50475C03} = {AE9320EC-FDE2-4A6C-900F-3C1A7970A768}
	EndGlobalSection
	GlobalSection(ExtensibilityGlobals) = postSolution
		SolutionGuid = {9B32B40C-1BBC-4DF6-B144-A4689961BC0D}
	EndGlobalSection
EndGlobal
